
Microsoft Visual Studio Solution File, Format Version 12.00
# Visual Studio Version 17
VisualStudioVersion = 17.5.33627.172
MinimumVisualStudioVersion = 10.0.40219.1
Project("{FAE04EC0-301F-11D3-BF4B-00C04F79EFBC}") = "SistemaDeTarefas", "SistemaDeTarefas\SistemaDeTarefas.csproj", "{58234487-5407-4E35-BBD9-10BB822E27B2}"
EndProject
Global
	GlobalSection(SolutionConfigurationPlatforms) = preSolution
		Debug|Any CPU = Debug|Any CPU
		Release|Any CPU = Release|Any CPU
	EndGlobalSection
	GlobalSection(ProjectConfigurationPlatforms) = postSolution
		{58234487-5407-4E35-BBD9-10BB822E27B2}.Debug|Any CPU.ActiveCfg = Debug|Any CPU
		{58234487-5407-4E35-BBD9-10BB822E27B2}.Debug|Any CPU.Build.0 = Debug|Any CPU
		{58234487-5407-4E35-BBD9-10BB822E27B2}.Release|Any CPU.ActiveCfg = Release|Any CPU
		{58234487-5407-4E35-BBD9-10BB822E27B2}.Release|Any CPU.Build.0 = Release|Any CPU
	EndGlobalSection
	GlobalSection(SolutionProperties) = preSolution
		HideSolutionNode = FALSE
	EndGlobalSection
	GlobalSection(ExtensibilityGlobals) = postSolution
		SolutionGuid = {2B9F2FA2-D755-4071-994E-5E3D2E1B2BE1}
	EndGlobalSection
EndGlobal
